Microsoft Visual Studio Solution File, Format Version 12.00
# Visual Studio 2012
Project("{FAE04EC0-301F-11D3-BF4B-00C04F79EFBC}") = "Godot-3D First Person Shooter", "Godot-3D First Person Shooter.csproj", "{09FB8D24-4E5B-4570-AAFA-C97F38076595}"
EndProject
Global
	GlobalSection(SolutionConfigurationPlatforms) = preSolution
	Debug|Any CPU = Debug|Any CPU
	ExportDebug|Any CPU = ExportDebug|Any CPU
	ExportRelease|Any CPU = ExportRelease|Any CPU
	EndGlobalSection
	GlobalSection(ProjectConfigurationPlatforms) = postSolution
		{09FB8D24-4E5B-4570-AAFA-C97F38076595}.Debug|Any CPU.ActiveCfg = Debug|Any CPU
		{09FB8D24-4E5B-4570-AAFA-C97F38076595}.Debug|Any CPU.Build.0 = Debug|Any CPU
		{09FB8D24-4E5B-4570-AAFA-C97F38076595}.ExportDebug|Any CPU.ActiveCfg = ExportDebug|Any CPU
		{09FB8D24-4E5B-4570-AAFA-C97F38076595}.ExportDebug|Any CPU.Build.0 = ExportDebug|Any CPU
		{09FB8D24-4E5B-4570-AAFA-C97F38076595}.ExportRelease|Any CPU.ActiveCfg = ExportRelease|Any CPU
		{09FB8D24-4E5B-4570-AAFA-C97F38076595}.ExportRelease|Any CPU.Build.0 = ExportRelease|Any CPU
	EndGlobalSection
EndGlobal
